<?xml version="1.0" encoding="utf-8"?>
<Project ToolsVersion="4.0" xmlns="http://schemas.microsoft.com/developer/msbuild/2003">
  <ItemGroup>
    <Filter Include="src">
      <UniqueIdentifier>{4FC737F1-C7A5-4376-A066-2A32D752A2FF}</UniqueIdentifier>
      <Extensions>h;hh;hpp;hxx;hm;inl;inc;xsd;cpp;c;cc;cxx;def;odl;idl;hpj;bat;asm;asmx</Extensions>
    </Filter>
  </ItemGroup>
  <ItemGroup>
    <ClInclude Include="..\..\..\src\main\jimi_http\HttpParser.h">
      <Filter>src</Filter>
    </ClInclude>
    <ClInclude Include="..\..\..\src\main\jimi_http\http_all.h">
      <Filter>src</Filter>
    </ClInclude>
    <ClInclude Include="..\..\..\src\main\jimi_http\HttpRequest.h">
      <Filter>src</Filter>
    </ClInclude>
    <ClInclude Include="..\..\..\src\main\jimi_http\HttpResponse.h">
      <Filter>src</Filter>
    </ClInclude>
    <ClInclude Include="..\..\..\src\main\jimi_http\HttpCommon.h">
      <Filter>src</Filter>
    </ClInclude>
    <ClInclude Include="..\..\..\src\main\jimi_http\StringRef.h">
      <Filter>src</Filter>
    </ClInclude>
    <ClInclude Include="..\..\..\src\main\jimi_http\StringRefList.h">
      <Filter>src</Filter>
    </ClInclude>
    <ClInclude Include="..\..\..\src\main\jimi_http\InputStream.h">
      <Filter>src</Filter>
    </ClInclude>
  </ItemGroup>
  <ItemGroup>
    <ClCompile Include="..\..\..\src\main\jimi_http\HttpParser.cpp">
      <Filter>src</Filter>
    </ClCompile>
  </ItemGroup>
</Project>