<?xml version="1.0" encoding="utf-8"?>
<Project ToolsVersion="4.0" xmlns="http://schemas.microsoft.com/developer/msbuild/2003">
  <ItemGroup>
    <Filter Include="src">
      <UniqueIdentifier>{4FC737F1-C7A5-4376-A066-2A32D752A2FF}</UniqueIdentifier>
      <Extensions>h;hh;hpp;hxx;hm;inl;inc;xsd;cpp;c;cc;cxx;def;odl;idl;hpj;bat;asm;asmx</Extensions>
    </Filter>
    <Filter Include="src\http">
      <UniqueIdentifier>{7dcdfd9d-ac39-4dc9-9f6e-5dd45bcb024d}</UniqueIdentifier>
    </Filter>
    <Filter Include="src\basic">
      <UniqueIdentifier>{193d882a-c04a-4e17-a309-972eae1517df}</UniqueIdentifier>
    </Filter>
    <Filter Include="src\basic\msvc">
      <UniqueIdentifier>{6ad4be16-3a55-430e-8ad2-d075f36f6fbf}</UniqueIdentifier>
    </Filter>
    <Filter Include="src\pico">
      <UniqueIdentifier>{b74c64d2-91d3-4e9f-b9ec-b8dacf3916f9}</UniqueIdentifier>
    </Filter>
    <Filter Include="src\jstd">
      <UniqueIdentifier>{53293db7-d6a7-46b9-8eef-2e0f251b7068}</UniqueIdentifier>
    </Filter>
    <Filter Include="src\support">
      <UniqueIdentifier>{cdb83bc5-7531-4fa6-9813-22938e532ba1}</UniqueIdentifier>
    </Filter>
  </ItemGroup>
  <ItemGroup>
    <ClInclude Include="..\..\..\src\main\jimi\http\Common.h">
      <Filter>src\http</Filter>
    </ClInclude>
    <ClInclude Include="..\..\..\src\main\jimi\http\Parser.h">
      <Filter>src\http</Filter>
    </ClInclude>
    <ClInclude Include="..\..\..\src\main\jimi\http\Request.h">
      <Filter>src\http</Filter>
    </ClInclude>
    <ClInclude Include="..\..\..\src\main\jimi\http\Response.h">
      <Filter>src\http</Filter>
    </ClInclude>
    <ClInclude Include="..\..\..\src\main\jimi\http_all.h">
      <Filter>src</Filter>
    </ClInclude>
    <ClInclude Include="..\..\..\src\main\jimi\HttpResponse.h">
      <Filter>src</Filter>
    </ClInclude>
    <ClInclude Include="..\..\..\src\main\jimi\InputStream.h">
      <Filter>src</Filter>
    </ClInclude>
    <ClInclude Include="..\..\..\src\main\jimi\StringRef.h">
      <Filter>src</Filter>
    </ClInclude>
    <ClInclude Include="..\..\..\src\main\jimi\StringRefList.h">
      <Filter>src</Filter>
    </ClInclude>
    <ClInclude Include="..\..\..\src\main\jimi\HttpParser.h">
      <Filter>src</Filter>
    </ClInclude>
    <ClInclude Include="..\..\..\src\main\jimi\HttpRequest.h">
      <Filter>src</Filter>
    </ClInclude>
    <ClInclude Include="..\..\..\src\main\jimi\HttpCommon.h">
      <Filter>src</Filter>
    </ClInclude>
    <ClInclude Include="..\..\..\src\main\jimi\basic\stddef.h">
      <Filter>src\basic</Filter>
    </ClInclude>
    <ClInclude Include="..\..\..\src\main\jimi\basic\inttypes.h">
      <Filter>src\basic</Filter>
    </ClInclude>
    <ClInclude Include="..\..\..\src\main\jimi\basic\stdint.h">
      <Filter>src\basic</Filter>
    </ClInclude>
    <ClInclude Include="..\..\..\src\main\jimi\basic\stdsize.h">
      <Filter>src\basic</Filter>
    </ClInclude>
    <ClInclude Include="..\..\..\src\main\jimi\basic\msvc\inttypes.h">
      <Filter>src\basic\msvc</Filter>
    </ClInclude>
    <ClInclude Include="..\..\..\src\main\jimi\basic\msvc\stdbool.h">
      <Filter>src\basic\msvc</Filter>
    </ClInclude>
    <ClInclude Include="..\..\..\src\main\jimi\basic\msvc\stdint.h">
      <Filter>src\basic\msvc</Filter>
    </ClInclude>
    <ClInclude Include="..\..\..\deps\picohttpparser\picohttpparser.h">
      <Filter>src\pico</Filter>
    </ClInclude>
    <ClInclude Include="..\..\..\src\main\jimi\http\FastParser.h">
      <Filter>src\http</Filter>
    </ClInclude>
    <ClInclude Include="..\..\..\src\main\jimi\Hash.h">
      <Filter>src</Filter>
    </ClInclude>
    <ClInclude Include="..\..\..\src\main\jimi\Slice.h">
      <Filter>src</Filter>
    </ClInclude>
    <ClInclude Include="..\..\..\src\main\jimi\http\Version.h">
      <Filter>src\http</Filter>
    </ClInclude>
    <ClInclude Include="..\..\..\src\main\jimi\jstd\iterator.h">
      <Filter>src\jstd</Filter>
    </ClInclude>
    <ClInclude Include="..\..\..\src\main\jimi\jstd\string_iterator.h">
      <Filter>src\jstd</Filter>
    </ClInclude>
    <ClInclude Include="..\..\..\src\main\jimi\jstd\hash_table.h">
      <Filter>src\jstd</Filter>
    </ClInclude>
    <ClInclude Include="..\..\..\src\main\jimi\support\SSEHelper.h">
      <Filter>src\support</Filter>
    </ClInclude>
    <ClInclude Include="..\..\..\src\main\jimi\support\bitscan_forward.h">
      <Filter>src\support</Filter>
    </ClInclude>
    <ClInclude Include="..\..\..\src\main\jimi\support\bitscan_reverse.h">
      <Filter>src\support</Filter>
    </ClInclude>
    <ClInclude Include="..\..\..\src\main\jimi\support\popcnt.h">
      <Filter>src\support</Filter>
    </ClInclude>
    <ClInclude Include="..\..\..\src\main\jimi\crc32c.h">
      <Filter>src</Filter>
    </ClInclude>
    <ClInclude Include="..\..\..\src\main\jimi\jstd\hash_map.h">
      <Filter>src\jstd</Filter>
    </ClInclude>
    <ClInclude Include="..\..\..\src\main\jimi\jstd\hash_helper.h">
      <Filter>src\jstd</Filter>
    </ClInclude>
    <ClInclude Include="..\..\..\src\main\jimi\jstd\string_utils.h">
      <Filter>src\jstd</Filter>
    </ClInclude>
    <ClInclude Include="..\..\..\src\main\jimi\support\Power2.h">
      <Filter>src\support</Filter>
    </ClInclude>
    <ClInclude Include="..\..\..\src\main\jimi\support\StopWatch.h">
      <Filter>src\support</Filter>
    </ClInclude>
    <ClInclude Include="..\..\..\src\main\jimi\jstd\hash_map_ex.h">
      <Filter>src\jstd</Filter>
    </ClInclude>
    <ClInclude Include="..\..\..\src\main\jimi\jstd\char_traits.h">
      <Filter>src\jstd</Filter>
    </ClInclude>
    <ClInclude Include="..\..\..\src\main\jimi\jstd\dictionary.h">
      <Filter>src\jstd</Filter>
    </ClInclude>
    <ClInclude Include="..\..\..\src\main\jimi\jstd\dictionary_traits.h">
      <Filter>src\jstd</Filter>
    </ClInclude>
    <ClInclude Include="..\..\..\src\main\jimi\jstd\dictionary_ex.h">
      <Filter>src\jstd</Filter>
    </ClInclude>
    <ClInclude Include="..\..\..\src\main\jimi\jstd\fixed_freelist.h">
      <Filter>src\jstd</Filter>
    </ClInclude>
    <ClInclude Include="..\..\..\src\main\jimi\jstd\strlen.h">
      <Filter>src\jstd</Filter>
    </ClInclude>
    <ClInclude Include="..\..\..\src\main\jimi\jstd\nothrow_deleter.h">
      <Filter>src\jstd</Filter>
    </ClInclude>
  </ItemGroup>
  <ItemGroup>
    <ClCompile Include="..\..\..\deps\picohttpparser\picohttpparser.c">
      <Filter>src\pico</Filter>
    </ClCompile>
  </ItemGroup>
</Project>